
Microsoft Visual Studio Solution File, Format Version 12.00
# Visual Studio Version 17
VisualStudioVersion = 17.9.34728.123
MinimumVisualStudioVersion = 10.0.40219.1
Project("{2150E333-8FDC-42A3-9474-1A3956D46DE8}") = "BehavioralPatterns", "BehavioralPatterns", "{3F27B2E0-F71A-40EC-8903-40136EF76FAF}"
EndProject
Project("{2150E333-8FDC-42A3-9474-1A3956D46DE8}") = "CreationalPatterns", "CreationalPatterns", "{AC66E749-F4E8-4007-BFFE-A13C66BF7146}"
EndProject
Project("{2150E333-8FDC-42A3-9474-1A3956D46DE8}") = "ExamplePrograms", "ExamplePrograms", "{E8F1BBBA-F6E1-487D-BF0D-C281685832A4}"
EndProject
Project("{2150E333-8FDC-42A3-9474-1A3956D46DE8}") = "RealDependencies", "RealDependencies", "{4C02AE45-7C09-4556-B5EC-8FA68B0AD94F}"
EndProject
Project("{2150E333-8FDC-42A3-9474-1A3956D46DE8}") = "StructuralPatterns", "StructuralPatterns", "{B4D6003D-8ED3-4EB5-9EBC-E906E8F145A5}"
EndProject
Project("{2150E333-8FDC-42A3-9474-1A3956D46DE8}") = "Tests", "Tests", "{7D4F1F72-96B8-460A-BC2F-99D497169F1E}"
EndProject
Project("{9A19103F-16F7-4668-BE54-9A1E7A4F7556}") = "CreationalPatterns", "CreationalPatterns\CreationalPatterns.csproj", "{A5BE380B-5D0C-4E7C-8C29-193605F516F5}"
EndProject
Project("{9A19103F-16F7-4668-BE54-9A1E7A4F7556}") = "RealDependencies", "RealDependencies\RealDependencies.csproj", "{BF56F5FE-EABF-42EF-BCE7-40CFCACD79CE}"
EndProject
Project("{2150E333-8FDC-42A3-9474-1A3956D46DE8}") = "CreationalExamples", "CreationalExamples", "{C314E94A-02DB-40A1-B6A1-8637C09484CB}"
EndProject
Project("{2150E333-8FDC-42A3-9474-1A3956D46DE8}") = "FoodDeliveryService", "FoodDeliveryService", "{E0CF10F7-F2EC-40EE-B113-4CF81F8CA588}"
EndProject
Project("{9A19103F-16F7-4668-BE54-9A1E7A4F7556}") = "FoodDeliveryService", "FoodDeliveryService\FoodDeliveryService.csproj", "{E866D760-5A59-4447-9F85-A00A943C34D5}"
EndProject
Project("{2150E333-8FDC-42A3-9474-1A3956D46DE8}") = "CustomMealPlanner", "CustomMealPlanner", "{DDC65FE4-5BAD-4B13-A96C-6048D6209FDF}"
EndProject
Project("{9A19103F-16F7-4668-BE54-9A1E7A4F7556}") = "CustomMealPlanner", "CustomMealPlanner\CustomMealPlanner.csproj", "{D34AE536-C2A9-4B57-97CE-A78D556CF5B9}"
EndProject
Project("{2150E333-8FDC-42A3-9474-1A3956D46DE8}") = "BakeryPurchaseOrderSystem", "BakeryPurchaseOrderSystem", "{6A69FF3C-EEB0-4E89-866D-D7F738B734E6}"
EndProject
Project("{9A19103F-16F7-4668-BE54-9A1E7A4F7556}") = "BakeryPurchaseOrderSystem", "BakeryPurchaseOrderSystem\BakeryPurchaseOrderSystem.csproj", "{A8412E0E-48FE-491F-BFDB-38C33E40CFA8}"
EndProject
Project("{2150E333-8FDC-42A3-9474-1A3956D46DE8}") = "DiningRoomDesigner", "DiningRoomDesigner", "{DD1F3CC5-21AB-4D3C-A26D-CC9C2F8C290A}"
EndProject
Project("{9A19103F-16F7-4668-BE54-9A1E7A4F7556}") = "DiningRoomDesigner", "DiningRoomDesigner\DiningRoomDesigner.csproj", "{3832C9AD-6C9F-4CC7-92EC-619DD59870CD}"
EndProject
Project("{2150E333-8FDC-42A3-9474-1A3956D46DE8}") = "IngredientsDatabaseClient", "IngredientsDatabaseClient", "{77929946-4FE6-48A3-A600-CF983E5878DB}"
EndProject
Project("{9A19103F-16F7-4668-BE54-9A1E7A4F7556}") = "IngredientsDatabaseClient", "IngredientsDatabaseClient\IngredientsDatabaseClient.csproj", "{5EB0A9EC-6974-4F78-A8BB-691C20D03F1E}"
EndProject
Project("{9A19103F-16F7-4668-BE54-9A1E7A4F7556}") = "StructuralPatterns", "StructuralPatterns\StructuralPatterns.csproj", "{ED9505BE-6771-4867-BD36-D0B554531227}"
EndProject
Project("{2150E333-8FDC-42A3-9474-1A3956D46DE8}") = "StructuralExamples", "StructuralExamples", "{A32E7225-5A67-4A0F-B15F-4D9B207844A8}"
EndProject
Project("{2150E333-8FDC-42A3-9474-1A3956D46DE8}") = "RecipeSearch", "RecipeSearch", "{F5328871-5EFA-415B-B012-AA96AA5AE096}"
EndProject
Project("{9A19103F-16F7-4668-BE54-9A1E7A4F7556}") = "RecipeSearch", "RecipeSearch\RecipeSearch.csproj", "{54FEBE4A-AC77-4306-A508-2249D3658E04}"
EndProject
Project("{2150E333-8FDC-42A3-9474-1A3956D46DE8}") = "FarmersMarketSimulator", "FarmersMarketSimulator", "{2769BC27-C1A5-40F6-8C06-40ED845AE584}"
EndProject
Project("{9A19103F-16F7-4668-BE54-9A1E7A4F7556}") = "FarmersMarketSimulator", "FarmersMarketSimulator\FarmersMarketSimulator.csproj", "{8CC40000-9B82-41AA-B9D1-3F24760D0AE5}"
EndProject
Project("{2150E333-8FDC-42A3-9474-1A3956D46DE8}") = "TeaCartonizer", "TeaCartonizer", "{E521E244-AE42-41FE-9034-0A6CFE0CB11E}"
EndProject
Project("{9A19103F-16F7-4668-BE54-9A1E7A4F7556}") = "TeaCartonizer", "TeaCartonizer\TeaCartonizer.csproj", "{E7899E0A-7C42-4695-AE42-4442AC0629D0}"
EndProject
Project("{2150E333-8FDC-42A3-9474-1A3956D46DE8}") = "FrontOfHouseService", "FrontOfHouseService", "{9EFAAE26-DAFA-46A7-A92B-F5F9E3D4065C}"
EndProject
Project("{9A19103F-16F7-4668-BE54-9A1E7A4F7556}") = "FrontOfHouseService", "FrontOfHouseService\FrontOfHouseService.csproj", "{CEFBB708-D8DB-445D-B13F-2ADE7AA59D7C}"
EndProject
Project("{2150E333-8FDC-42A3-9474-1A3956D46DE8}") = "GroceryReporter", "GroceryReporter", "{B4CD93E1-1F3D-47EA-B16A-9C432D50C1B7}"
EndProject
Project("{9A19103F-16F7-4668-BE54-9A1E7A4F7556}") = "GroceryReporter", "GroceryReporter\GroceryReporter.csproj", "{4C61020A-2A5C-4F6E-B486-002FA4F05CED}"
EndProject
Project("{2150E333-8FDC-42A3-9474-1A3956D46DE8}") = "GroceryStoreCityPlanningSimulation", "GroceryStoreCityPlanningSimulation", "{0608C593-6D25-4D57-B873-800D978CFEDA}"
EndProject
Project("{9A19103F-16F7-4668-BE54-9A1E7A4F7556}") = "GroceryStoreCityPlanningSimulation", "GroceryStoreCityPlanningSimulation\GroceryStoreCityPlanningSimulation.csproj", "{402050C1-49C6-4732-85B8-8FB27470DD73}"
EndProject
Project("{2150E333-8FDC-42A3-9474-1A3956D46DE8}") = "FoodBank", "FoodBank", "{C1993947-0687-481F-B092-E1B2C81714BD}"
EndProject
Project("{9A19103F-16F7-4668-BE54-9A1E7A4F7556}") = "FoodBank", "FoodBank\FoodBank.csproj", "{86FDA45F-A06A-4244-BF44-13B462FAA186}"
EndProject
Project("{9A19103F-16F7-4668-BE54-9A1E7A4F7556}") = "BehavioralPatterns", "BehavioralPatterns\BehavioralPatterns.csproj", "{E6564168-72EB-422B-8BD9-8D9F09180570}"
EndProject
Project("{2150E333-8FDC-42A3-9474-1A3956D46DE8}") = "BehavioralExamples", "BehavioralExamples", "{7B3AD446-CEF3-4C7E-86B3-C53B32CBE34D}"
EndProject
Project("{2150E333-8FDC-42A3-9474-1A3956D46DE8}") = "KombuchaOrderProcessor", "KombuchaOrderProcessor", "{D6ECD871-0EA6-435E-85B7-C0260D71B56A}"
EndProject
Project("{9A19103F-16F7-4668-BE54-9A1E7A4F7556}") = "KombuchaOrderProcessor", "KombuchaOrderProcessor\KombuchaOrderProcessor.csproj", "{83C6AE02-5C5C-4A5B-A81D-2928FB997F3A}"
EndProject
Project("{2150E333-8FDC-42A3-9474-1A3956D46DE8}") = "ComposterSignUpForm", "ComposterSignUpForm", "{73322354-36FD-466B-9EB6-AC0229A3BC9A}"
EndProject
Project("{9A19103F-16F7-4668-BE54-9A1E7A4F7556}") = "ComposterSignUpForm", "ComposterSignUpForm\ComposterSignUpForm.csproj", "{73D9C69E-B540-4432-8E46-6F67AE04FECB}"
EndProject
Project("{2150E333-8FDC-42A3-9474-1A3956D46DE8}") = "BestRestaurantFinder", "BestRestaurantFinder", "{35359465-96C1-466C-90D4-CFAC94601CC7}"
EndProject
Project("{9A19103F-16F7-4668-BE54-9A1E7A4F7556}") = "BestRestaurantFinder", "BestRestaurantFinder\BestRestaurantFinder.csproj", "{0889117F-F5EA-4D19-A58B-CA42C1F17281}"
EndProject
Project("{2150E333-8FDC-42A3-9474-1A3956D46DE8}") = "FoodTruckCoordinator", "FoodTruckCoordinator", "{F889337B-CD86-44D9-B513-8EF3A9E3C29B}"
EndProject
Project("{9A19103F-16F7-4668-BE54-9A1E7A4F7556}") = "FoodTruckCoordinator", "FoodTruckCoordinator\FoodTruckCoordinator.csproj", "{29A023BF-D5CC-486D-A8A7-EC5E6982C9F5}"
EndProject
Project("{2150E333-8FDC-42A3-9474-1A3956D46DE8}") = "DoughnutShop", "DoughnutShop", "{1D2AEEE6-E36C-4347-B15A-56D3DC067ABB}"
EndProject
Project("{FAE04EC0-301F-11D3-BF4B-00C04F79EFBC}") = "DoughnutShop", "DoughnutShop\DoughnutShop.csproj", "{BA19A5BD-3BCD-43AB-869A-0BA4D6B84376}"
EndProject
Project("{2150E333-8FDC-42A3-9474-1A3956D46DE8}") = "DietPlanTracker", "DietPlanTracker", "{33633C60-D711-408D-950F-6FA62B1CBEC7}"
EndProject
Project("{FAE04EC0-301F-11D3-BF4B-00C04F79EFBC}") = "DietPlanTracker", "DietPlanTracker\DietPlanTracker.csproj", "{C86BADEF-21A9-43FD-B970-296F39731BDB}"
EndProject
Project("{2150E333-8FDC-42A3-9474-1A3956D46DE8}") = "RewardsProgram", "RewardsProgram", "{C733B1B7-6CC6-4EF0-8A27-1A5CC000CB6D}"
EndProject
Project("{FAE04EC0-301F-11D3-BF4B-00C04F79EFBC}") = "RewardsProgram", "RewardsProgram\RewardsProgram.csproj", "{AA11905F-4B31-4369-AFF7-99603F5513A8}"
EndProject
Project("{2150E333-8FDC-42A3-9474-1A3956D46DE8}") = "MenuChanger", "MenuChanger", "{89980EA6-447A-439D-8B8A-775FCE89A370}"
EndProject
Project("{FAE04EC0-301F-11D3-BF4B-00C04F79EFBC}") = "MenuChanger", "MenuChanger\MenuChanger.csproj", "{6387A40F-3DD9-4A9E-8CB1-87CB02227F02}"
EndProject
Project("{2150E333-8FDC-42A3-9474-1A3956D46DE8}") = "CookbookPrinter", "CookbookPrinter", "{0EBC4024-2CC6-4D1F-B342-BA11E2294931}"
EndProject
Project("{FAE04EC0-301F-11D3-BF4B-00C04F79EFBC}") = "CookbookPrinter", "CookbookPrinter\CookbookPrinter.csproj", "{CB08C782-9BDB-477A-AD0A-69563D1E26AC}"
EndProject
Project("{2150E333-8FDC-42A3-9474-1A3956D46DE8}") = "FarmersMarketResearch", "FarmersMarketResearch", "{E9F99F61-909F-4A46-832C-79E055EE5AB5}"
EndProject
Project("{FAE04EC0-301F-11D3-BF4B-00C04F79EFBC}") = "FarmersMarketResearch", "FarmersMarketResearch\FarmersMarketResearch.csproj", "{0DCB9148-872C-4AAA-9E70-F8BBF916469C}"
EndProject
Global
	GlobalSection(SolutionConfigurationPlatforms) = preSolution
		Debug|Any CPU = Debug|Any CPU
		Release|Any CPU = Release|Any CPU
	EndGlobalSection
	GlobalSection(ProjectConfigurationPlatforms) = postSolution
		{A5BE380B-5D0C-4E7C-8C29-193605F516F5}.Debug|Any CPU.ActiveCfg = Debug|Any CPU
		{A5BE380B-5D0C-4E7C-8C29-193605F516F5}.Debug|Any CPU.Build.0 = Debug|Any CPU
		{A5BE380B-5D0C-4E7C-8C29-193605F516F5}.Release|Any CPU.ActiveCfg = Release|Any CPU
		{A5BE380B-5D0C-4E7C-8C29-193605F516F5}.Release|Any CPU.Build.0 = Release|Any CPU
		{BF56F5FE-EABF-42EF-BCE7-40CFCACD79CE}.Debug|Any CPU.ActiveCfg = Debug|Any CPU
		{BF56F5FE-EABF-42EF-BCE7-40CFCACD79CE}.Debug|Any CPU.Build.0 = Debug|Any CPU
		{BF56F5FE-EABF-42EF-BCE7-40CFCACD79CE}.Release|Any CPU.ActiveCfg = Release|Any CPU
		{BF56F5FE-EABF-42EF-BCE7-40CFCACD79CE}.Release|Any CPU.Build.0 = Release|Any CPU
		{E866D760-5A59-4447-9F85-A00A943C34D5}.Debug|Any CPU.ActiveCfg = Debug|Any CPU
		{E866D760-5A59-4447-9F85-A00A943C34D5}.Debug|Any CPU.Build.0 = Debug|Any CPU
		{E866D760-5A59-4447-9F85-A00A943C34D5}.Release|Any CPU.ActiveCfg = Release|Any CPU
		{E866D760-5A59-4447-9F85-A00A943C34D5}.Release|Any CPU.Build.0 = Release|Any CPU
		{D34AE536-C2A9-4B57-97CE-A78D556CF5B9}.Debug|Any CPU.ActiveCfg = Debug|Any CPU
		{D34AE536-C2A9-4B57-97CE-A78D556CF5B9}.Debug|Any CPU.Build.0 = Debug|Any CPU
		{D34AE536-C2A9-4B57-97CE-A78D556CF5B9}.Release|Any CPU.ActiveCfg = Release|Any CPU
		{D34AE536-C2A9-4B57-97CE-A78D556CF5B9}.Release|Any CPU.Build.0 = Release|Any CPU
		{A8412E0E-48FE-491F-BFDB-38C33E40CFA8}.Debug|Any CPU.ActiveCfg = Debug|Any CPU
		{A8412E0E-48FE-491F-BFDB-38C33E40CFA8}.Debug|Any CPU.Build.0 = Debug|Any CPU
		{A8412E0E-48FE-491F-BFDB-38C33E40CFA8}.Release|Any CPU.ActiveCfg = Release|Any CPU
		{A8412E0E-48FE-491F-BFDB-38C33E40CFA8}.Release|Any CPU.Build.0 = Release|Any CPU
		{3832C9AD-6C9F-4CC7-92EC-619DD59870CD}.Debug|Any CPU.ActiveCfg = Debug|Any CPU
		{3832C9AD-6C9F-4CC7-92EC-619DD59870CD}.Debug|Any CPU.Build.0 = Debug|Any CPU
		{3832C9AD-6C9F-4CC7-92EC-619DD59870CD}.Release|Any CPU.ActiveCfg = Release|Any CPU
		{3832C9AD-6C9F-4CC7-92EC-619DD59870CD}.Release|Any CPU.Build.0 = Release|Any CPU
		{5EB0A9EC-6974-4F78-A8BB-691C20D03F1E}.Debug|Any CPU.ActiveCfg = Debug|Any CPU
		{5EB0A9EC-6974-4F78-A8BB-691C20D03F1E}.Debug|Any CPU.Build.0 = Debug|Any CPU
		{5EB0A9EC-6974-4F78-A8BB-691C20D03F1E}.Release|Any CPU.ActiveCfg = Release|Any CPU
		{5EB0A9EC-6974-4F78-A8BB-691C20D03F1E}.Release|Any CPU.Build.0 = Release|Any CPU
		{ED9505BE-6771-4867-BD36-D0B554531227}.Debug|Any CPU.ActiveCfg = Debug|Any CPU
		{ED9505BE-6771-4867-BD36-D0B554531227}.Debug|Any CPU.Build.0 = Debug|Any CPU
		{ED9505BE-6771-4867-BD36-D0B554531227}.Release|Any CPU.ActiveCfg = Release|Any CPU
		{ED9505BE-6771-4867-BD36-D0B554531227}.Release|Any CPU.Build.0 = Release|Any CPU
		{54FEBE4A-AC77-4306-A508-2249D3658E04}.Debug|Any CPU.ActiveCfg = Debug|Any CPU
		{54FEBE4A-AC77-4306-A508-2249D3658E04}.Debug|Any CPU.Build.0 = Debug|Any CPU
		{54FEBE4A-AC77-4306-A508-2249D3658E04}.Release|Any CPU.ActiveCfg = Release|Any CPU
		{54FEBE4A-AC77-4306-A508-2249D3658E04}.Release|Any CPU.Build.0 = Release|Any CPU
		{8CC40000-9B82-41AA-B9D1-3F24760D0AE5}.Debug|Any CPU.ActiveCfg = Debug|Any CPU
		{8CC40000-9B82-41AA-B9D1-3F24760D0AE5}.Debug|Any CPU.Build.0 = Debug|Any CPU
		{8CC40000-9B82-41AA-B9D1-3F24760D0AE5}.Release|Any CPU.ActiveCfg = Release|Any CPU
		{8CC40000-9B82-41AA-B9D1-3F24760D0AE5}.Release|Any CPU.Build.0 = Release|Any CPU
		{E7899E0A-7C42-4695-AE42-4442AC0629D0}.Debug|Any CPU.ActiveCfg = Debug|Any CPU
		{E7899E0A-7C42-4695-AE42-4442AC0629D0}.Debug|Any CPU.Build.0 = Debug|Any CPU
		{E7899E0A-7C42-4695-AE42-4442AC0629D0}.Release|Any CPU.ActiveCfg = Release|Any CPU
		{E7899E0A-7C42-4695-AE42-4442AC0629D0}.Release|Any CPU.Build.0 = Release|Any CPU
		{CEFBB708-D8DB-445D-B13F-2ADE7AA59D7C}.Debug|Any CPU.ActiveCfg = Debug|Any CPU
		{CEFBB708-D8DB-445D-B13F-2ADE7AA59D7C}.Debug|Any CPU.Build.0 = Debug|Any CPU
		{CEFBB708-D8DB-445D-B13F-2ADE7AA59D7C}.Release|Any CPU.ActiveCfg = Release|Any CPU
		{CEFBB708-D8DB-445D-B13F-2ADE7AA59D7C}.Release|Any CPU.Build.0 = Release|Any CPU
		{4C61020A-2A5C-4F6E-B486-002FA4F05CED}.Debug|Any CPU.ActiveCfg = Debug|Any CPU
		{4C61020A-2A5C-4F6E-B486-002FA4F05CED}.Debug|Any CPU.Build.0 = Debug|Any CPU
		{4C61020A-2A5C-4F6E-B486-002FA4F05CED}.Release|Any CPU.ActiveCfg = Release|Any CPU
		{4C61020A-2A5C-4F6E-B486-002FA4F05CED}.Release|Any CPU.Build.0 = Release|Any CPU
		{402050C1-49C6-4732-85B8-8FB27470DD73}.Debug|Any CPU.ActiveCfg = Debug|Any CPU
		{402050C1-49C6-4732-85B8-8FB27470DD73}.Debug|Any CPU.Build.0 = Debug|Any CPU
		{402050C1-49C6-4732-85B8-8FB27470DD73}.Release|Any CPU.ActiveCfg = Release|Any CPU
		{402050C1-49C6-4732-85B8-8FB27470DD73}.Release|Any CPU.Build.0 = Release|Any CPU
		{86FDA45F-A06A-4244-BF44-13B462FAA186}.Debug|Any CPU.ActiveCfg = Debug|Any CPU
		{86FDA45F-A06A-4244-BF44-13B462FAA186}.Debug|Any CPU.Build.0 = Debug|Any CPU
		{86FDA45F-A06A-4244-BF44-13B462FAA186}.Release|Any CPU.ActiveCfg = Release|Any CPU
		{86FDA45F-A06A-4244-BF44-13B462FAA186}.Release|Any CPU.Build.0 = Release|Any CPU
		{E6564168-72EB-422B-8BD9-8D9F09180570}.Debug|Any CPU.ActiveCfg = Debug|Any CPU
		{E6564168-72EB-422B-8BD9-8D9F09180570}.Debug|Any CPU.Build.0 = Debug|Any CPU
		{E6564168-72EB-422B-8BD9-8D9F09180570}.Release|Any CPU.ActiveCfg = Release|Any CPU
		{E6564168-72EB-422B-8BD9-8D9F09180570}.Release|Any CPU.Build.0 = Release|Any CPU
		{83C6AE02-5C5C-4A5B-A81D-2928FB997F3A}.Debug|Any CPU.ActiveCfg = Debug|Any CPU
		{83C6AE02-5C5C-4A5B-A81D-2928FB997F3A}.Debug|Any CPU.Build.0 = Debug|Any CPU
		{83C6AE02-5C5C-4A5B-A81D-2928FB997F3A}.Release|Any CPU.ActiveCfg = Release|Any CPU
		{83C6AE02-5C5C-4A5B-A81D-2928FB997F3A}.Release|Any CPU.Build.0 = Release|Any CPU
		{73D9C69E-B540-4432-8E46-6F67AE04FECB}.Debug|Any CPU.ActiveCfg = Debug|Any CPU
		{73D9C69E-B540-4432-8E46-6F67AE04FECB}.Debug|Any CPU.Build.0 = Debug|Any CPU
		{73D9C69E-B540-4432-8E46-6F67AE04FECB}.Release|Any CPU.ActiveCfg = Release|Any CPU
		{73D9C69E-B540-4432-8E46-6F67AE04FECB}.Release|Any CPU.Build.0 = Release|Any CPU
		{0889117F-F5EA-4D19-A58B-CA42C1F17281}.Debug|Any CPU.ActiveCfg = Debug|Any CPU
		{0889117F-F5EA-4D19-A58B-CA42C1F17281}.Debug|Any CPU.Build.0 = Debug|Any CPU
		{0889117F-F5EA-4D19-A58B-CA42C1F17281}.Release|Any CPU.ActiveCfg = Release|Any CPU
		{0889117F-F5EA-4D19-A58B-CA42C1F17281}.Release|Any CPU.Build.0 = Release|Any CPU
		{29A023BF-D5CC-486D-A8A7-EC5E6982C9F5}.Debug|Any CPU.ActiveCfg = Debug|Any CPU
		{29A023BF-D5CC-486D-A8A7-EC5E6982C9F5}.Debug|Any CPU.Build.0 = Debug|Any CPU
		{29A023BF-D5CC-486D-A8A7-EC5E6982C9F5}.Release|Any CPU.ActiveCfg = Release|Any CPU
		{29A023BF-D5CC-486D-A8A7-EC5E6982C9F5}.Release|Any CPU.Build.0 = Release|Any CPU
		{BA19A5BD-3BCD-43AB-869A-0BA4D6B84376}.Debug|Any CPU.ActiveCfg = Debug|Any CPU
		{BA19A5BD-3BCD-43AB-869A-0BA4D6B84376}.Debug|Any CPU.Build.0 = Debug|Any CPU
		{BA19A5BD-3BCD-43AB-869A-0BA4D6B84376}.Release|Any CPU.ActiveCfg = Release|Any CPU
		{BA19A5BD-3BCD-43AB-869A-0BA4D6B84376}.Release|Any CPU.Build.0 = Release|Any CPU
		{C86BADEF-21A9-43FD-B970-296F39731BDB}.Debug|Any CPU.ActiveCfg = Debug|Any CPU
		{C86BADEF-21A9-43FD-B970-296F39731BDB}.Debug|Any CPU.Build.0 = Debug|Any CPU
		{C86BADEF-21A9-43FD-B970-296F39731BDB}.Release|Any CPU.ActiveCfg = Release|Any CPU
		{C86BADEF-21A9-43FD-B970-296F39731BDB}.Release|Any CPU.Build.0 = Release|Any CPU
		{AA11905F-4B31-4369-AFF7-99603F5513A8}.Debug|Any CPU.ActiveCfg = Debug|Any CPU
		{AA11905F-4B31-4369-AFF7-99603F5513A8}.Debug|Any CPU.Build.0 = Debug|Any CPU
		{AA11905F-4B31-4369-AFF7-99603F5513A8}.Release|Any CPU.ActiveCfg = Release|Any CPU
		{AA11905F-4B31-4369-AFF7-99603F5513A8}.Release|Any CPU.Build.0 = Release|Any CPU
		{6387A40F-3DD9-4A9E-8CB1-87CB02227F02}.Debug|Any CPU.ActiveCfg = Debug|Any CPU
		{6387A40F-3DD9-4A9E-8CB1-87CB02227F02}.Debug|Any CPU.Build.0 = Debug|Any CPU
		{6387A40F-3DD9-4A9E-8CB1-87CB02227F02}.Release|Any CPU.ActiveCfg = Release|Any CPU
		{6387A40F-3DD9-4A9E-8CB1-87CB02227F02}.Release|Any CPU.Build.0 = Release|Any CPU
		{CB08C782-9BDB-477A-AD0A-69563D1E26AC}.Debug|Any CPU.ActiveCfg = Debug|Any CPU
		{CB08C782-9BDB-477A-AD0A-69563D1E26AC}.Debug|Any CPU.Build.0 = Debug|Any CPU
		{CB08C782-9BDB-477A-AD0A-69563D1E26AC}.Release|Any CPU.ActiveCfg = Release|Any CPU
		{CB08C782-9BDB-477A-AD0A-69563D1E26AC}.Release|Any CPU.Build.0 = Release|Any CPU
		{0DCB9148-872C-4AAA-9E70-F8BBF916469C}.Debug|Any CPU.ActiveCfg = Debug|Any CPU
		{0DCB9148-872C-4AAA-9E70-F8BBF916469C}.Debug|Any CPU.Build.0 = Debug|Any CPU
		{0DCB9148-872C-4AAA-9E70-F8BBF916469C}.Release|Any CPU.ActiveCfg = Release|Any CPU
		{0DCB9148-872C-4AAA-9E70-F8BBF916469C}.Release|Any CPU.Build.0 = Release|Any CPU
	EndGlobalSection
	GlobalSection(SolutionProperties) = preSolution
		HideSolutionNode = FALSE
	EndGlobalSection
	GlobalSection(NestedProjects) = preSolution
		{A5BE380B-5D0C-4E7C-8C29-193605F516F5} = {AC66E749-F4E8-4007-BFFE-A13C66BF7146}
		{BF56F5FE-EABF-42EF-BCE7-40CFCACD79CE} = {4C02AE45-7C09-4556-B5EC-8FA68B0AD94F}
		{C314E94A-02DB-40A1-B6A1-8637C09484CB} = {E8F1BBBA-F6E1-487D-BF0D-C281685832A4}
		{E0CF10F7-F2EC-40EE-B113-4CF81F8CA588} = {C314E94A-02DB-40A1-B6A1-8637C09484CB}
		{E866D760-5A59-4447-9F85-A00A943C34D5} = {E0CF10F7-F2EC-40EE-B113-4CF81F8CA588}
		{DDC65FE4-5BAD-4B13-A96C-6048D6209FDF} = {C314E94A-02DB-40A1-B6A1-8637C09484CB}
		{D34AE536-C2A9-4B57-97CE-A78D556CF5B9} = {DDC65FE4-5BAD-4B13-A96C-6048D6209FDF}
		{6A69FF3C-EEB0-4E89-866D-D7F738B734E6} = {C314E94A-02DB-40A1-B6A1-8637C09484CB}
		{A8412E0E-48FE-491F-BFDB-38C33E40CFA8} = {6A69FF3C-EEB0-4E89-866D-D7F738B734E6}
		{DD1F3CC5-21AB-4D3C-A26D-CC9C2F8C290A} = {C314E94A-02DB-40A1-B6A1-8637C09484CB}
		{3832C9AD-6C9F-4CC7-92EC-619DD59870CD} = {DD1F3CC5-21AB-4D3C-A26D-CC9C2F8C290A}
		{77929946-4FE6-48A3-A600-CF983E5878DB} = {C314E94A-02DB-40A1-B6A1-8637C09484CB}
		{5EB0A9EC-6974-4F78-A8BB-691C20D03F1E} = {77929946-4FE6-48A3-A600-CF983E5878DB}
		{ED9505BE-6771-4867-BD36-D0B554531227} = {B4D6003D-8ED3-4EB5-9EBC-E906E8F145A5}
		{A32E7225-5A67-4A0F-B15F-4D9B207844A8} = {E8F1BBBA-F6E1-487D-BF0D-C281685832A4}
		{F5328871-5EFA-415B-B012-AA96AA5AE096} = {A32E7225-5A67-4A0F-B15F-4D9B207844A8}
		{54FEBE4A-AC77-4306-A508-2249D3658E04} = {F5328871-5EFA-415B-B012-AA96AA5AE096}
		{2769BC27-C1A5-40F6-8C06-40ED845AE584} = {A32E7225-5A67-4A0F-B15F-4D9B207844A8}
		{8CC40000-9B82-41AA-B9D1-3F24760D0AE5} = {2769BC27-C1A5-40F6-8C06-40ED845AE584}
		{E521E244-AE42-41FE-9034-0A6CFE0CB11E} = {A32E7225-5A67-4A0F-B15F-4D9B207844A8}
		{E7899E0A-7C42-4695-AE42-4442AC0629D0} = {E521E244-AE42-41FE-9034-0A6CFE0CB11E}
		{9EFAAE26-DAFA-46A7-A92B-F5F9E3D4065C} = {A32E7225-5A67-4A0F-B15F-4D9B207844A8}
		{CEFBB708-D8DB-445D-B13F-2ADE7AA59D7C} = {9EFAAE26-DAFA-46A7-A92B-F5F9E3D4065C}
		{B4CD93E1-1F3D-47EA-B16A-9C432D50C1B7} = {A32E7225-5A67-4A0F-B15F-4D9B207844A8}
		{4C61020A-2A5C-4F6E-B486-002FA4F05CED} = {B4CD93E1-1F3D-47EA-B16A-9C432D50C1B7}
		{0608C593-6D25-4D57-B873-800D978CFEDA} = {A32E7225-5A67-4A0F-B15F-4D9B207844A8}
		{402050C1-49C6-4732-85B8-8FB27470DD73} = {0608C593-6D25-4D57-B873-800D978CFEDA}
		{C1993947-0687-481F-B092-E1B2C81714BD} = {A32E7225-5A67-4A0F-B15F-4D9B207844A8}
		{86FDA45F-A06A-4244-BF44-13B462FAA186} = {C1993947-0687-481F-B092-E1B2C81714BD}
		{E6564168-72EB-422B-8BD9-8D9F09180570} = {3F27B2E0-F71A-40EC-8903-40136EF76FAF}
		{7B3AD446-CEF3-4C7E-86B3-C53B32CBE34D} = {E8F1BBBA-F6E1-487D-BF0D-C281685832A4}
		{D6ECD871-0EA6-435E-85B7-C0260D71B56A} = {7B3AD446-CEF3-4C7E-86B3-C53B32CBE34D}
		{83C6AE02-5C5C-4A5B-A81D-2928FB997F3A} = {D6ECD871-0EA6-435E-85B7-C0260D71B56A}
		{73322354-36FD-466B-9EB6-AC0229A3BC9A} = {7B3AD446-CEF3-4C7E-86B3-C53B32CBE34D}
		{73D9C69E-B540-4432-8E46-6F67AE04FECB} = {73322354-36FD-466B-9EB6-AC0229A3BC9A}
		{35359465-96C1-466C-90D4-CFAC94601CC7} = {7B3AD446-CEF3-4C7E-86B3-C53B32CBE34D}
		{0889117F-F5EA-4D19-A58B-CA42C1F17281} = {35359465-96C1-466C-90D4-CFAC94601CC7}
		{F889337B-CD86-44D9-B513-8EF3A9E3C29B} = {7B3AD446-CEF3-4C7E-86B3-C53B32CBE34D}
		{29A023BF-D5CC-486D-A8A7-EC5E6982C9F5} = {F889337B-CD86-44D9-B513-8EF3A9E3C29B}
		{1D2AEEE6-E36C-4347-B15A-56D3DC067ABB} = {7B3AD446-CEF3-4C7E-86B3-C53B32CBE34D}
		{BA19A5BD-3BCD-43AB-869A-0BA4D6B84376} = {1D2AEEE6-E36C-4347-B15A-56D3DC067ABB}
		{33633C60-D711-408D-950F-6FA62B1CBEC7} = {7B3AD446-CEF3-4C7E-86B3-C53B32CBE34D}
		{C86BADEF-21A9-43FD-B970-296F39731BDB} = {33633C60-D711-408D-950F-6FA62B1CBEC7}
		{C733B1B7-6CC6-4EF0-8A27-1A5CC000CB6D} = {7B3AD446-CEF3-4C7E-86B3-C53B32CBE34D}
		{AA11905F-4B31-4369-AFF7-99603F5513A8} = {C733B1B7-6CC6-4EF0-8A27-1A5CC000CB6D}
		{89980EA6-447A-439D-8B8A-775FCE89A370} = {7B3AD446-CEF3-4C7E-86B3-C53B32CBE34D}
		{6387A40F-3DD9-4A9E-8CB1-87CB02227F02} = {89980EA6-447A-439D-8B8A-775FCE89A370}
		{0EBC4024-2CC6-4D1F-B342-BA11E2294931} = {7B3AD446-CEF3-4C7E-86B3-C53B32CBE34D}
		{CB08C782-9BDB-477A-AD0A-69563D1E26AC} = {0EBC4024-2CC6-4D1F-B342-BA11E2294931}
		{E9F99F61-909F-4A46-832C-79E055EE5AB5} = {7B3AD446-CEF3-4C7E-86B3-C53B32CBE34D}
		{0DCB9148-872C-4AAA-9E70-F8BBF916469C} = {E9F99F61-909F-4A46-832C-79E055EE5AB5}
	EndGlobalSection
	GlobalSection(ExtensibilityGlobals) = postSolution
		SolutionGuid = {6F29DD43-A56A-40D1-A375-E2F2B17C6537}
	EndGlobalSection
EndGlobal
